
Microsoft Visual Studio Solution File, Format Version 12.00
# Visual Studio 15
VisualStudioVersion = 15.0.28010.2041
MinimumVisualStudioVersion = 10.0.40219.1
Project("{FAE04EC0-301F-11D3-BF4B-00C04F79EFBC}") = "OnlineShop", "OnlineShop\OnlineShop.csproj", "{09193AD7-D5EF-43DE-BF38-F3EF59105F27}"
EndProject
Project("{FAE04EC0-301F-11D3-BF4B-00C04F79EFBC}") = "Model", "Model\Model.csproj", "{5F742A64-D21F-4C37-BD32-A309BB85B527}"
EndProject
Project("{FAE04EC0-301F-11D3-BF4B-00C04F79EFBC}") = "Common", "Common\Common.csproj", "{BD819317-5158-4DF4-885B-18469033E470}"
EndProject
Global
	GlobalSection(SolutionConfigurationPlatforms) = preSolution
		Debug|Any CPU = Debug|Any CPU
		Release|Any CPU = Release|Any CPU
	EndGlobalSection
	GlobalSection(ProjectConfigurationPlatforms) = postSolution
		{09193AD7-D5EF-43DE-BF38-F3EF59105F27}.Debug|Any CPU.ActiveCfg = Debug|Any CPU
		{09193AD7-D5EF-43DE-BF38-F3EF59105F27}.Debug|Any CPU.Build.0 = Debug|Any CPU
		{09193AD7-D5EF-43DE-BF38-F3EF59105F27}.Release|Any CPU.ActiveCfg = Release|Any CPU
		{09193AD7-D5EF-43DE-BF38-F3EF59105F27}.Release|Any CPU.Build.0 = Release|Any CPU
		{5F742A64-D21F-4C37-BD32-A309BB85B527}.Debug|Any CPU.ActiveCfg = Debug|Any CPU
		{5F742A64-D21F-4C37-BD32-A309BB85B527}.Debug|Any CPU.Build.0 = Debug|Any CPU
		{5F742A64-D21F-4C37-BD32-A309BB85B527}.Release|Any CPU.ActiveCfg = Release|Any CPU
		{5F742A64-D21F-4C37-BD32-A309BB85B527}.Release|Any CPU.Build.0 = Release|Any CPU
		{BD819317-5158-4DF4-885B-18469033E470}.Debug|Any CPU.ActiveCfg = Debug|Any CPU
		{BD819317-5158-4DF4-885B-18469033E470}.Debug|Any CPU.Build.0 = Debug|Any CPU
		{BD819317-5158-4DF4-885B-18469033E470}.Release|Any CPU.ActiveCfg = Release|Any CPU
		{BD819317-5158-4DF4-885B-18469033E470}.Release|Any CPU.Build.0 = Release|Any CPU
	EndGlobalSection
	GlobalSection(SolutionProperties) = preSolution
		HideSolutionNode = FALSE
	EndGlobalSection
	GlobalSection(ExtensibilityGlobals) = postSolution
		SolutionGuid = {2590894E-408C-4426-9261-3C57B5F5E07E}
	EndGlobalSection
EndGlobal
